
Microsoft Visual Studio Solution File, Format Version 12.00
# Visual Studio Version 17
VisualStudioVersion = 17.8.34408.163
MinimumVisualStudioVersion = 10.0.40219.1
Project("{FAE04EC0-301F-11D3-BF4B-00C04F79EFBC}") = "modul5_1302223116", "modul5_1302223116\modul5_1302223116.csproj", "{D4001458-DA15-4FEA-9932-5646251E16D3}"
EndProject
Global
	GlobalSection(SolutionConfigurationPlatforms) = preSolution
		Debug|Any CPU = Debug|Any CPU
		Release|Any CPU = Release|Any CPU
	EndGlobalSection
	GlobalSection(ProjectConfigurationPlatforms) = postSolution
		{D4001458-DA15-4FEA-9932-5646251E16D3}.Debug|Any CPU.ActiveCfg = Debug|Any CPU
		{D4001458-DA15-4FEA-9932-5646251E16D3}.Debug|Any CPU.Build.0 = Debug|Any CPU
		{D4001458-DA15-4FEA-9932-5646251E16D3}.Release|Any CPU.ActiveCfg = Release|Any CPU
		{D4001458-DA15-4FEA-9932-5646251E16D3}.Release|Any CPU.Build.0 = Release|Any CPU
	EndGlobalSection
	GlobalSection(SolutionProperties) = preSolution
		HideSolutionNode = FALSE
	EndGlobalSection
	GlobalSection(ExtensibilityGlobals) = postSolution
		SolutionGuid = {EBD487CF-5C81-4B82-AA01-7D86BF3D5E23}
	EndGlobalSection
EndGlobal
